// !$*UTF8*$!
{
	archiveVersion = 1;
	classes = {
	};
	objectVersion = 55;
	objects = {

/* Begin PBXBuildFile section */
		E0CF3C5628CCD322000E59A0 /* AppDelegate.swift in Sources */ = {isa = PBXBuildFile; fileRef = E0CF3C5528CCD322000E59A0 /* AppDelegate.swift */; };
		E0CF3C5828CCD322000E59A0 /* SceneDelegate.swift in Sources */ = {isa = PBXBuildFile; fileRef = E0CF3C5728CCD322000E59A0 /* SceneDelegate.swift */; };
		E0CF3C5A28CCD322000E59A0 /* MenuController.swift in Sources */ = {isa = PBXBuildFile; fileRef = E0CF3C5928CCD322000E59A0 /* MenuController.swift */; };
		E0CF3C5D28CCD322000E59A0 /* Main.storyboard in Resources */ = {isa = PBXBuildFile; fileRef = E0CF3C5B28CCD322000E59A0 /* Main.storyboard */; };
		E0CF3C6028CCD322000E59A0 /* Luke___Mia_Learn.xcdatamodeld in Sources */ = {isa = PBXBuildFile; fileRef = E0CF3C5E28CCD322000E59A0 /* Luke___Mia_Learn.xcdatamodeld */; };
		E0CF3C6228CCD324000E59A0 /* Assets.xcassets in Resources */ = {isa = PBXBuildFile; fileRef = E0CF3C6128CCD324000E59A0 /* Assets.xcassets */; };
		E0CF3C6528CCD324000E59A0 /* LaunchScreen.storyboard in Resources */ = {isa = PBXBuildFile; fileRef = E0CF3C6328CCD324000E59A0 /* LaunchScreen.storyboard */; };
		E0CF3C6D28CCD3E3000E59A0 /* MenuCell.swift in Sources */ = {isa = PBXBuildFile; fileRef = E0CF3C6C28CCD3E3000E59A0 /* MenuCell.swift */; };
		E0CF3C6F28CCE1CA000E59A0 /* miABC.swift in Sources */ = {isa = PBXBuildFile; fileRef = E0CF3C6E28CCE1CA000E59A0 /* miABC.swift */; };
		E0CF3C7128CCE86B000E59A0 /* miABCCell.swift in Sources */ = {isa = PBXBuildFile; fileRef = E0CF3C7028CCE86B000E59A0 /* miABCCell.swift */; };
/* End PBXBuildFile section */

/* Begin PBXFileReference section */
		E0CF3C5228CCD322000E59A0 /* Luke & Mia Learn.app */ = {isa = PBXFileReference; explicitFileType = wrapper.application; includeInIndex = 0; path = "Luke & Mia Learn.app"; sourceTree = BUILT_PRODUCTS_DIR; };
		E0CF3C5528CCD322000E59A0 /* AppDelegate.swift */ = {isa = PBXFileReference; lastKnownFileType = sourcecode.swift; path = AppDelegate.swift; sourceTree = "<group>"; };
		E0CF3C5728CCD322000E59A0 /* SceneDelegate.swift */ = {isa = PBXFileReference; lastKnownFileType = sourcecode.swift; path = SceneDelegate.swift; sourceTree = "<group>"; };
		E0CF3C5928CCD322000E59A0 /* MenuController.swift */ = {isa = PBXFileReference; lastKnownFileType = sourcecode.swift; path = MenuController.swift; sourceTree = "<group>"; };
		E0CF3C5C28CCD322000E59A0 /* Base */ = {isa = PBXFileReference; lastKnownFileType = file.storyboard; name = Base; path = Base.lproj/Main.storyboard; sourceTree = "<group>"; };
		E0CF3C5F28CCD322000E59A0 /* Luke___Mia_Learn.xcdatamodel */ = {isa = PBXFileReference; lastKnownFileType = wrapper.xcdatamodel; path = "Luke___Mia_Learn.xcdatamodel"; sourceTree = "<group>"; };
		E0CF3C6128CCD324000E59A0 /* Assets.xcassets */ = {isa = PBXFileReference; lastKnownFileType = folder.assetcatalog; path = Assets.xcassets; sourceTree = "<group>"; };
		E0CF3C6428CCD324000E59A0 /* Base */ = {isa = PBXFileReference; lastKnownFileType = file.storyboard; name = Base; path = Base.lproj/LaunchScreen.storyboard; sourceTree = "<group>"; };
		E0CF3C6628CCD324000E59A0 /* Info.plist */ = {isa = PBXFileReference; lastKnownFileType = text.plist.xml; path = Info.plist; sourceTree = "<group>"; };
		E0CF3C6C28CCD3E3000E59A0 /* MenuCell.swift */ = {isa = PBXFileReference; lastKnownFileType = sourcecode.swift; path = MenuCell.swift; sourceTree = "<group>"; };
		E0CF3C6E28CCE1CA000E59A0 /* miABC.swift */ = {isa = PBXFileReference; lastKnownFileType = sourcecode.swift; path = miABC.swift; sourceTree = "<group>"; };
		E0CF3C7028CCE86B000E59A0 /* miABCCell.swift */ = {isa = PBXFileReference; lastKnownFileType = sourcecode.swift; path = miABCCell.swift; sourceTree = "<group>"; };
/* End PBXFileReference section */

/* Begin PBXFrameworksBuildPhase section */
		E0CF3C4F28CCD322000E59A0 /* Frameworks */ = {
			isa = PBXFrameworksBuildPhase;
			buildActionMask = 2147483647;
			files = (
			);
			runOnlyForDeploymentPostprocessing = 0;
		};
/* End PBXFrameworksBuildPhase section */

/* Begin PBXGroup section */
		E0CF3C4928CCD322000E59A0 = {
			isa = PBXGroup;
			children = (
				E0CF3C5428CCD322000E59A0 /* Luke & Mia Learn */,
				E0CF3C5328CCD322000E59A0 /* Products */,
			);
			sourceTree = "<group>";
		};
		E0CF3C5328CCD322000E59A0 /* Products */ = {
			isa = PBXGroup;
			children = (
				E0CF3C5228CCD322000E59A0 /* Luke & Mia Learn.app */,
			);
			name = Products;
			sourceTree = "<group>";
		};
		E0CF3C5428CCD322000E59A0 /* Luke & Mia Learn */ = {
			isa = PBXGroup;
			children = (
				E0CF3C5928CCD322000E59A0 /* MenuController.swift */,
				E0CF3C6C28CCD3E3000E59A0 /* MenuCell.swift */,
				E0CF3C5528CCD322000E59A0 /* AppDelegate.swift */,
				E0CF3C5728CCD322000E59A0 /* SceneDelegate.swift */,
				E0CF3C6E28CCE1CA000E59A0 /* miABC.swift */,
				E0CF3C7028CCE86B000E59A0 /* miABCCell.swift */,
				E0CF3C5B28CCD322000E59A0 /* Main.storyboard */,
				E0CF3C6128CCD324000E59A0 /* Assets.xcassets */,
				E0CF3C6328CCD324000E59A0 /* LaunchScreen.storyboard */,
				E0CF3C6628CCD324000E59A0 /* Info.plist */,
				E0CF3C5E28CCD322000E59A0 /* Luke___Mia_Learn.xcdatamodeld */,
			);
			path = "Luke & Mia Learn";
			sourceTree = "<group>";
		};
/* End PBXGroup section */

/* Begin PBXNativeTarget section */
		E0CF3C5128CCD322000E59A0 /* Luke & Mia Learn */ = {
			isa = PBXNativeTarget;
			buildConfigurationList = E0CF3C6928CCD324000E59A0 /* Build configuration list for PBXNativeTarget "Luke & Mia Learn" */;
			buildPhases = (
				E0CF3C4E28CCD322000E59A0 /* Sources */,
				E0CF3C4F28CCD322000E59A0 /* Frameworks */,
				E0CF3C5028CCD322000E59A0 /* Resources */,
			);
			buildRules = (
			);
			dependencies = (
			);
			name = "Luke & Mia Learn";
			productName = "Luke & Mia Learn";
			productReference = E0CF3C5228CCD322000E59A0 /* Luke & Mia Learn.app */;
			productType = "com.apple.product-type.application";
		};
/* End PBXNativeTarget section */

/* Begin PBXProject section */
		E0CF3C4A28CCD322000E59A0 /* Project object */ = {
			isa = PBXProject;
			attributes = {
				BuildIndependentTargetsInParallel = 1;
				LastSwiftUpdateCheck = 1340;
				LastUpgradeCheck = 1340;
				TargetAttributes = {
					E0CF3C5128CCD322000E59A0 = {
						CreatedOnToolsVersion = 13.4.1;
					};
				};
			};
			buildConfigurationList = E0CF3C4D28CCD322000E59A0 /* Build configuration list for PBXProject "Luke & Mia Learn" */;
			compatibilityVersion = "Xcode 13.0";
			developmentRegion = en;
			hasScannedForEncodings = 0;
			knownRegions = (
				en,
				Base,
			);
			mainGroup = E0CF3C4928CCD322000E59A0;
			productRefGroup = E0CF3C5328CCD322000E59A0 /* Products */;
			projectDirPath = "";
			projectRoot = "";
			targets = (
				E0CF3C5128CCD322000E59A0 /* Luke & Mia Learn */,
			);
		};
/* End PBXProject section */

/* Begin PBXResourcesBuildPhase section */
		E0CF3C5028CCD322000E59A0 /* Resources */ = {
			isa = PBXResourcesBuildPhase;
			buildActionMask = 2147483647;
			files = (
				E0CF3C6528CCD324000E59A0 /* LaunchScreen.storyboard in Resources */,
				E0CF3C6228CCD324000E59A0 /* Assets.xcassets in Resources */,
				E0CF3C5D28CCD322000E59A0 /* Main.storyboard in Resources */,
			);
			runOnlyForDeploymentPostprocessing = 0;
		};
/* End PBXResourcesBuildPhase section */

/* Begin PBXSourcesBuildPhase section */
		E0CF3C4E28CCD322000E59A0 /* Sources */ = {
			isa = PBXSourcesBuildPhase;
			buildActionMask = 2147483647;
			files = (
				E0CF3C5A28CCD322000E59A0 /* MenuController.swift in Sources */,
				E0CF3C6D28CCD3E3000E59A0 /* MenuCell.swift in Sources */,
				E0CF3C6F28CCE1CA000E59A0 /* miABC.swift in Sources */,
				E0CF3C7128CCE86B000E59A0 /* miABCCell.swift in Sources */,
				E0CF3C5628CCD322000E59A0 /* AppDelegate.swift in Sources */,
				E0CF3C5828CCD322000E59A0 /* SceneDelegate.swift in Sources */,
				E0CF3C6028CCD322000E59A0 /* Luke___Mia_Learn.xcdatamodeld in Sources */,
			);
			runOnlyForDeploymentPostprocessing = 0;
		};
/* End PBXSourcesBuildPhase section */

/* Begin PBXVariantGroup section */
		E0CF3C5B28CCD322000E59A0 /* Main.storyboard */ = {
			isa = PBXVariantGroup;
			children = (
				E0CF3C5C28CCD322000E59A0 /* Base */,
			);
			name = Main.storyboard;
			sourceTree = "<group>";
		};
		E0CF3C6328CCD324000E59A0 /* LaunchScreen.storyboard */ = {
			isa = PBXVariantGroup;
			children = (
				E0CF3C6428CCD324000E59A0 /* Base */,
			);
			name = LaunchScreen.storyboard;
			sourceTree = "<group>";
		};
/* End PBXVariantGroup section */

/* Begin XCBuildConfiguration section */
		E0CF3C6728CCD324000E59A0 /* Debug */ = {
			isa = XCBuildConfiguration;
			buildSettings = {
				ALWAYS_SEARCH_USER_PATHS = NO;
				CLANG_ANALYZER_NONNULL = YES;
				CLANG_ANALYZER_NUMBER_OBJECT_CONVERSION = YES_AGGRESSIVE;
				CLANG_CXX_LANGUAGE_STANDARD = "gnu++17";
				CLANG_ENABLE_MODULES = YES;
				CLANG_ENABLE_OBJC_ARC = YES;
				CLANG_ENABLE_OBJC_WEAK = YES;
				CLANG_WARN_BLOCK_CAPTURE_AUTORELEASING = YES;
				CLANG_WARN_BOOL_CONVERSION = YES;
				CLANG_WARN_COMMA = YES;
				CLANG_WARN_CONSTANT_CONVERSION = YES;
				CLANG_WARN_DEPRECATED_OBJC_IMPLEMENTATIONS = YES;
				CLANG_WARN_DIRECT_OBJC_ISA_USAGE = YES_ERROR;
				CLANG_WARN_DOCUMENTATION_COMMENTS = YES;
				CLANG_WARN_EMPTY_BODY = YES;
				CLANG_WARN_ENUM_CONVERSION = YES;
				CLANG_WARN_INFINITE_RECURSION = YES;
				CLANG_WARN_INT_CONVERSION = YES;
				CLANG_WARN_NON_LITERAL_NULL_CONVERSION = YES;
				CLANG_WARN_OBJC_IMPLICIT_RETAIN_SELF = YES;
				CLANG_WARN_OBJC_LITERAL_CONVERSION = YES;
				CLANG_WARN_OBJC_ROOT_CLASS = YES_ERROR;
				CLANG_WARN_QUOTED_INCLUDE_IN_FRAMEWORK_HEADER = YES;
				CLANG_WARN_RANGE_LOOP_ANALYSIS = YES;
				CLANG_WARN_STRICT_PROTOTYPES = YES;
				CLANG_WARN_SUSPICIOUS_MOVE = YES;
				CLANG_WARN_UNGUARDED_AVAILABILITY = YES_AGGRESSIVE;
				CLANG_WARN_UNREACHABLE_CODE = YES;
				CLANG_WARN__DUPLICATE_METHOD_MATCH = YES;
				COPY_PHASE_STRIP = NO;
				DEBUG_INFORMATION_FORMAT = dwarf;
				ENABLE_STRICT_OBJC_MSGSEND = YES;
				ENABLE_TESTABILITY = YES;
				GCC_C_LANGUAGE_STANDARD = gnu11;
				GCC_DYNAMIC_NO_PIC = NO;
				GCC_NO_COMMON_BLOCKS = YES;
				GCC_OPTIMIZATION_LEVEL = 0;
				GCC_PREPROCESSOR_DEFINITIONS = (
					"DEBUG=1",
					"$(inherited)",
				);
				GCC_WARN_64_TO_32_BIT_CONVERSION = YES;
				GCC_WARN_ABOUT_RETURN_TYPE = YES_ERROR;
				GCC_WARN_UNDECLARED_SELECTOR = YES;
				GCC_WARN_UNINITIALIZED_AUTOS = YES_AGGRESSIVE;
				GCC_WARN_UNUSED_FUNCTION = YES;
				GCC_WARN_UNUSED_VARIABLE = YES;
				IPHONEOS_DEPLOYMENT_TARGET = 15.5;
				MTL_ENABLE_DEBUG_INFO = INCLUDE_SOURCE;
				MTL_FAST_MATH = YES;
				ONLY_ACTIVE_ARCH = YES;
				SDKROOT = iphoneos;
				SWIFT_ACTIVE_COMPILATION_CONDITIONS = DEBUG;
				SWIFT_OPTIMIZATION_LEVEL = "-Onone";
			};
			name = Debug;
		};
		E0CF3C6828CCD324000E59A0 /* Release */ = {
			isa = XCBuildConfiguration;
			buildSettings = {
				ALWAYS_SEARCH_USER_PATHS = NO;
				CLANG_ANALYZER_NONNULL = YES;
				CLANG_ANALYZER_NUMBER_OBJECT_CONVERSION = YES_AGGRESSIVE;
				CLANG_CXX_LANGUAGE_STANDARD = "gnu++17";
				CLANG_ENABLE_MODULES = YES;
				CLANG_ENABLE_OBJC_ARC = YES;
				CLANG_ENABLE_OBJC_WEAK = YES;
				CLANG_WARN_BLOCK_CAPTURE_AUTORELEASING = YES;
				CLANG_WARN_BOOL_CONVERSION = YES;
				CLANG_WARN_COMMA = YES;
				CLANG_WARN_CONSTANT_CONVERSION = YES;
				CLANG_WARN_DEPRECATED_OBJC_IMPLEMENTATIONS = YES;
				CLANG_WARN_DIRECT_OBJC_ISA_USAGE = YES_ERROR;
				CLANG_WARN_DOCUMENTATION_COMMENTS = YES;
				CLANG_WARN_EMPTY_BODY = YES;
				CLANG_WARN_ENUM_CONVERSION = YES;
				CLANG_WARN_INFINITE_RECURSION = YES;
				CLANG_WARN_INT_CONVERSION = YES;
				CLANG_WARN_NON_LITERAL_NULL_CONVERSION = YES;
				CLANG_WARN_OBJC_IMPLICIT_RETAIN_SELF = YES;
				CLANG_WARN_OBJC_LITERAL_CONVERSION = YES;
				CLANG_WARN_OBJC_ROOT_CLASS = YES_ERROR;
				CLANG_WARN_QUOTED_INCLUDE_IN_FRAMEWORK_HEADER = YES;
				CLANG_WARN_RANGE_LOOP_ANALYSIS = YES;
				CLANG_WARN_STRICT_PROTOTYPES = YES;
				CLANG_WARN_SUSPICIOUS_MOVE = YES;
				CLANG_WARN_UNGUARDED_AVAILABILITY = YES_AGGRESSIVE;
				CLANG_WARN_UNREACHABLE_CODE = YES;
				CLANG_WARN__DUPLICATE_METHOD_MATCH = YES;
				COPY_PHASE_STRIP = NO;
				DEBUG_INFORMATION_FORMAT = "dwarf-with-dsym";
				ENABLE_NS_ASSERTIONS = NO;
				ENABLE_STRICT_OBJC_MSGSEND = YES;
				GCC_C_LANGUAGE_STANDARD = gnu11;
				GCC_NO_COMMON_BLOCKS = YES;
				GCC_WARN_64_TO_32_BIT_CONVERSION = YES;
				GCC_WARN_ABOUT_RETURN_TYPE = YES_ERROR;
				GCC_WARN_UNDECLARED_SELECTOR = YES;
				GCC_WARN_UNINITIALIZED_AUTOS = YES_AGGRESSIVE;
				GCC_WARN_UNUSED_FUNCTION = YES;
				GCC_WARN_UNUSED_VARIABLE = YES;
				IPHONEOS_DEPLOYMENT_TARGET = 15.5;
				MTL_ENABLE_DEBUG_INFO = NO;
				MTL_FAST_MATH = YES;
				SDKROOT = iphoneos;
				SWIFT_COMPILATION_MODE = wholemodule;
				SWIFT_OPTIMIZATION_LEVEL = "-O";
				VALIDATE_PRODUCT = YES;
			};
			name = Release;
		};
		E0CF3C6A28CCD324000E59A0 /* Debug */ = {
			isa = XCBuildConfiguration;
			buildSettings = {
				ASSETCATALOG_COMPILER_APPICON_NAME = AppIcon;
				ASSETCATALOG_COMPILER_GLOBAL_ACCENT_COLOR_NAME = AccentColor;
				CODE_SIGN_STYLE = Automatic;
				CURRENT_PROJECT_VERSION = 1;
				DEVELOPMENT_TEAM = QDDDA27M89;
				GENERATE_INFOPLIST_FILE = YES;
				INFOPLIST_FILE = "Luke & Mia Learn/Info.plist";
				INFOPLIST_KEY_UIApplicationSupportsIndirectInputEvents = YES;
				INFOPLIST_KEY_UILaunchStoryboardName = LaunchScreen;
				INFOPLIST_KEY_UIMainStoryboardFile = Main;
				INFOPLIST_KEY_UISupportedInterfaceOrientations = UIInterfaceOrientationPortrait;
				INFOPLIST_KEY_UISupportedInterfaceOrientations_iPad = "UIInterfaceOrientationPortrait UIInterfaceOrientationPortraitUpsideDown UIInterfaceOrientationLandscapeLeft UIInterfaceOrientationLandscapeRight";
				INFOPLIST_KEY_UISupportedInterfaceOrientations_iPhone = "UIInterfaceOrientationPortrait UIInterfaceOrientationLandscapeLeft UIInterfaceOrientationLandscapeRight";
				LD_RUNPATH_SEARCH_PATHS = (
					"$(inherited)",
					"@executable_path/Frameworks",
				);
				MARKETING_VERSION = 1.0;
				PRODUCT_BUNDLE_IDENTIFIER = "com.JoeyRubin.Luke---Mia-Learn";
				PRODUCT_NAME = "$(TARGET_NAME)";
				SWIFT_EMIT_LOC_STRINGS = YES;
				SWIFT_VERSION = 5.0;
				TARGETED_DEVICE_FAMILY = "1,2";
			};
			name = Debug;
		};
		E0CF3C6B28CCD324000E59A0 /* Release */ = {
			isa = XCBuildConfiguration;
			buildSettings = {
				ASSETCATALOG_COMPILER_APPICON_NAME = AppIcon;
				ASSETCATALOG_COMPILER_GLOBAL_ACCENT_COLOR_NAME = AccentColor;
				CODE_SIGN_STYLE = Automatic;
				CURRENT_PROJECT_VERSION = 1;
				DEVELOPMENT_TEAM = QDDDA27M89;
				GENERATE_INFOPLIST_FILE = YES;
				INFOPLIST_FILE = "Luke & Mia Learn/Info.plist";
				INFOPLIST_KEY_UIApplicationSupportsIndirectInputEvents = YES;
				INFOPLIST_KEY_UILaunchStoryboardName = LaunchScreen;
				INFOPLIST_KEY_UIMainStoryboardFile = Main;
				INFOPLIST_KEY_UISupportedInterfaceOrientations = UIInterfaceOrientationPortrait;
				INFOPLIST_KEY_UISupportedInterfaceOrientations_iPad = "UIInterfaceOrientationPortrait UIInterfaceOrientationPortraitUpsideDown UIInterfaceOrientationLandscapeLeft UIInterfaceOrientationLandscapeRight";
				INFOPLIST_KEY_UISupportedInterfaceOrientations_iPhone = "UIInterfaceOrientationPortrait UIInterfaceOrientationLandscapeLeft UIInterfaceOrientationLandscapeRight";
				LD_RUNPATH_SEARCH_PATHS = (
					"$(inherited)",
					"@executable_path/Frameworks",
				);
				MARKETING_VERSION = 1.0;
				PRODUCT_BUNDLE_IDENTIFIER = "com.JoeyRubin.Luke---Mia-Learn";
				PRODUCT_NAME = "$(TARGET_NAME)";
				SWIFT_EMIT_LOC_STRINGS = YES;
				SWIFT_VERSION = 5.0;
				TARGETED_DEVICE_FAMILY = "1,2";
			};
			name = Release;
		};
/* End XCBuildConfiguration section */

/* Begin XCConfigurationList section */
		E0CF3C4D28CCD322000E59A0 /* Build configuration list for PBXProject "Luke & Mia Learn" */ = {
			isa = XCConfigurationList;
			buildConfigurations = (
				E0CF3C6728CCD324000E59A0 /* Debug */,
				E0CF3C6828CCD324000E59A0 /* Release */,
			);
			defaultConfigurationIsVisible = 0;
			defaultConfigurationName = Release;
		};
		E0CF3C6928CCD324000E59A0 /* Build configuration list for PBXNativeTarget "Luke & Mia Learn" */ = {
			isa = XCConfigurationList;
			buildConfigurations = (
				E0CF3C6A28CCD324000E59A0 /* Debug */,
				E0CF3C6B28CCD324000E59A0 /* Release */,
			);
			defaultConfigurationIsVisible = 0;
			defaultConfigurationName = Release;
		};
/* End XCConfigurationList section */

/* Begin XCVersionGroup section */
		E0CF3C5E28CCD322000E59A0 /* Luke___Mia_Learn.xcdatamodeld */ = {
			isa = XCVersionGroup;
			children = (
				E0CF3C5F28CCD322000E59A0 /* Luke___Mia_Learn.xcdatamodel */,
			);
			currentVersion = E0CF3C5F28CCD322000E59A0 /* Luke___Mia_Learn.xcdatamodel */;
			path = "Luke___Mia_Learn.xcdatamodeld";
			sourceTree = "<group>";
			versionGroupType = wrapper.xcdatamodel;
		};
/* End XCVersionGroup section */
	};
	rootObject = E0CF3C4A28CCD322000E59A0 /* Project object */;
}
